// !$*UTF8*$!
{
	archiveVersion = 1;
	classes = {
	};
	objectVersion = 46;
	objects = {

/* Begin PBXBuildFile section */
		613527B115EED38A0044CD39 /* UIKit.framework in Frameworks */ = {isa = PBXBuildFile; fileRef = 613527B015EED38A0044CD39 /* UIKit.framework */; };
		613527B315EED38A0044CD39 /* Foundation.framework in Frameworks */ = {isa = PBXBuildFile; fileRef = 613527B215EED38A0044CD39 /* Foundation.framework */; };
		613527B515EED38A0044CD39 /* CoreGraphics.framework in Frameworks */ = {isa = PBXBuildFile; fileRef = 613527B415EED38A0044CD39 /* CoreGraphics.framework */; };
		613527BB15EED38A0044CD39 /* InfoPlist.strings in Resources */ = {isa = PBXBuildFile; fileRef = 613527B915EED38A0044CD39 /* InfoPlist.strings */; };
		613527BD15EED38A0044CD39 /* main.m in Sources */ = {isa = PBXBuildFile; fileRef = 613527BC15EED38A0044CD39 /* main.m */; };
		613527C115EED38A0044CD39 /* TOAppDelegate.m in Sources */ = {isa = PBXBuildFile; fileRef = 613527C015EED38A0044CD39 /* TOAppDelegate.m */; };
		613527C415EED38A0044CD39 /* TOMainViewController.m in Sources */ = {isa = PBXBuildFile; fileRef = 613527C315EED38A0044CD39 /* TOMainViewController.m */; };
		613527C715EED38B0044CD39 /* TOFlipsideViewController.m in Sources */ = {isa = PBXBuildFile; fileRef = 613527C615EED38B0044CD39 /* TOFlipsideViewController.m */; };
		613527CA15EED38B0044CD39 /* TOMainViewController.xib in Resources */ = {isa = PBXBuildFile; fileRef = 613527C815EED38B0044CD39 /* TOMainViewController.xib */; };
		613527CD15EED38B0044CD39 /* TOFlipsideViewController.xib in Resources */ = {isa = PBXBuildFile; fileRef = 613527CB15EED38B0044CD39 /* TOFlipsideViewController.xib */; };
/* End PBXBuildFile section */

/* Begin PBXFileReference section */
		613527AC15EED38A0044CD39 /* Illusion.app */ = {isa = PBXFileReference; explicitFileType = wrapper.application; includeInIndex = 0; path = Illusion.app; sourceTree = BUILT_PRODUCTS_DIR; };
		613527B015EED38A0044CD39 /* UIKit.framework */ = {isa = PBXFileReference; lastKnownFileType = wrapper.framework; name = UIKit.framework; path = System/Library/Frameworks/UIKit.framework; sourceTree = SDKROOT; };
		613527B215EED38A0044CD39 /* Foundation.framework */ = {isa = PBXFileReference; lastKnownFileType = wrapper.framework; name = Foundation.framework; path = System/Library/Frameworks/Foundation.framework; sourceTree = SDKROOT; };
		613527B415EED38A0044CD39 /* CoreGraphics.framework */ = {isa = PBXFileReference; lastKnownFileType = wrapper.framework; name = CoreGraphics.framework; path = System/Library/Frameworks/CoreGraphics.framework; sourceTree = SDKROOT; };
		613527B815EED38A0044CD39 /* Illusion-Info.plist */ = {isa = PBXFileReference; lastKnownFileType = text.plist.xml; path = "Illusion-Info.plist"; sourceTree = "<group>"; };
		613527BA15EED38A0044CD39 /* en */ = {isa = PBXFileReference; lastKnownFileType = text.plist.strings; name = en; path = en.lproj/InfoPlist.strings; sourceTree = "<group>"; };
		613527BC15EED38A0044CD39 /* main.m */ = {isa = PBXFileReference; lastKnownFileType = sourcecode.c.objc; path = main.m; sourceTree = "<group>"; };
		613527BE15EED38A0044CD39 /* Illusion-Prefix.pch */ = {isa = PBXFileReference; lastKnownFileType = sourcecode.c.h; path = "Illusion-Prefix.pch"; sourceTree = "<group>"; };
		613527BF15EED38A0044CD39 /* TOAppDelegate.h */ = {isa = PBXFileReference; lastKnownFileType = sourcecode.c.h; path = TOAppDelegate.h; sourceTree = "<group>"; };
		613527C015EED38A0044CD39 /* TOAppDelegate.m */ = {isa = PBXFileReference; lastKnownFileType = sourcecode.c.objc; path = TOAppDelegate.m; sourceTree = "<group>"; };
		613527C215EED38A0044CD39 /* TOMainViewController.h */ = {isa = PBXFileReference; lastKnownFileType = sourcecode.c.h; path = TOMainViewController.h; sourceTree = "<group>"; };
		613527C315EED38A0044CD39 /* TOMainViewController.m */ = {isa = PBXFileReference; lastKnownFileType = sourcecode.c.objc; path = TOMainViewController.m; sourceTree = "<group>"; };
		613527C515EED38A0044CD39 /* TOFlipsideViewController.h */ = {isa = PBXFileReference; lastKnownFileType = sourcecode.c.h; path = TOFlipsideViewController.h; sourceTree = "<group>"; };
		613527C615EED38B0044CD39 /* TOFlipsideViewController.m */ = {isa = PBXFileReference; lastKnownFileType = sourcecode.c.objc; path = TOFlipsideViewController.m; sourceTree = "<group>"; };
		613527C915EED38B0044CD39 /* en */ = {isa = PBXFileReference; lastKnownFileType = file.xib; name = en; path = en.lproj/TOMainViewController.xib; sourceTree = "<group>"; };
		613527CC15EED38B0044CD39 /* en */ = {isa = PBXFileReference; lastKnownFileType = file.xib; name = en; path = en.lproj/TOFlipsideViewController.xib; sourceTree = "<group>"; };
/* End PBXFileReference section */

/* Begin PBXFrameworksBuildPhase section */
		613527A915EED38A0044CD39 /* Frameworks */ = {
			isa = PBXFrameworksBuildPhase;
			buildActionMask = 2147483647;
			files = (
				613527B115EED38A0044CD39 /* UIKit.framework in Frameworks */,
				613527B315EED38A0044CD39 /* Foundation.framework in Frameworks */,
				613527B515EED38A0044CD39 /* CoreGraphics.framework in Frameworks */,
			);
			runOnlyForDeploymentPostprocessing = 0;
		};
/* End PBXFrameworksBuildPhase section */

/* Begin PBXGroup section */
		613527A115EED38A0044CD39 = {
			isa = PBXGroup;
			children = (
				613527B615EED38A0044CD39 /* Illusion */,
				613527AF15EED38A0044CD39 /* Frameworks */,
				613527AD15EED38A0044CD39 /* Products */,
			);
			sourceTree = "<group>";
		};
		613527AD15EED38A0044CD39 /* Products */ = {
			isa = PBXGroup;
			children = (
				613527AC15EED38A0044CD39 /* Illusion.app */,
			);
			name = Products;
			sourceTree = "<group>";
		};
		613527AF15EED38A0044CD39 /* Frameworks */ = {
			isa = PBXGroup;
			children = (
				613527B015EED38A0044CD39 /* UIKit.framework */,
				613527B215EED38A0044CD39 /* Foundation.framework */,
				613527B415EED38A0044CD39 /* CoreGraphics.framework */,
			);
			name = Frameworks;
			sourceTree = "<group>";
		};
		613527B615EED38A0044CD39 /* Illusion */ = {
			isa = PBXGroup;
			children = (
				613527BF15EED38A0044CD39 /* TOAppDelegate.h */,
				613527C015EED38A0044CD39 /* TOAppDelegate.m */,
				613527C215EED38A0044CD39 /* TOMainViewController.h */,
				613527C315EED38A0044CD39 /* TOMainViewController.m */,
				613527C515EED38A0044CD39 /* TOFlipsideViewController.h */,
				613527C615EED38B0044CD39 /* TOFlipsideViewController.m */,
				613527C815EED38B0044CD39 /* TOMainViewController.xib */,
				613527CB15EED38B0044CD39 /* TOFlipsideViewController.xib */,
				613527B715EED38A0044CD39 /* Supporting Files */,
			);
			path = Illusion;
			sourceTree = "<group>";
		};
		613527B715EED38A0044CD39 /* Supporting Files */ = {
			isa = PBXGroup;
			children = (
				613527B815EED38A0044CD39 /* Illusion-Info.plist */,
				613527B915EED38A0044CD39 /* InfoPlist.strings */,
				613527BC15EED38A0044CD39 /* main.m */,
				613527BE15EED38A0044CD39 /* Illusion-Prefix.pch */,
			);
			name = "Supporting Files";
			sourceTree = "<group>";
		};
/* End PBXGroup section */

/* Begin PBXNativeTarget section */
		613527AB15EED38A0044CD39 /* Illusion */ = {
			isa = PBXNativeTarget;
			buildConfigurationList = 613527D015EED38B0044CD39 /* Build configuration list for PBXNativeTarget "Illusion" */;
			buildPhases = (
				613527A815EED38A0044CD39 /* Sources */,
				613527A915EED38A0044CD39 /* Frameworks */,
				613527AA15EED38A0044CD39 /* Resources */,
			);
			buildRules = (
			);
			dependencies = (
			);
			name = Illusion;
			productName = Illusion;
			productReference = 613527AC15EED38A0044CD39 /* Illusion.app */;
			productType = "com.apple.product-type.application";
		};
/* End PBXNativeTarget section */

/* Begin PBXProject section */
		613527A315EED38A0044CD39 /* Project object */ = {
			isa = PBXProject;
			attributes = {
				CLASSPREFIX = TO;
				LastUpgradeCheck = 0440;
				ORGANIZATIONNAME = "Tobias O'Leary";
			};
			buildConfigurationList = 613527A615EED38A0044CD39 /* Build configuration list for PBXProject "Illusion" */;
			compatibilityVersion = "Xcode 3.2";
			developmentRegion = English;
			hasScannedForEncodings = 0;
			knownRegions = (
				en,
			);
			mainGroup = 613527A115EED38A0044CD39;
			productRefGroup = 613527AD15EED38A0044CD39 /* Products */;
			projectDirPath = "";
			projectRoot = "";
			targets = (
				613527AB15EED38A0044CD39 /* Illusion */,
			);
		};
/* End PBXProject section */

/* Begin PBXResourcesBuildPhase section */
		613527AA15EED38A0044CD39 /* Resources */ = {
			isa = PBXResourcesBuildPhase;
			buildActionMask = 2147483647;
			files = (
				613527BB15EED38A0044CD39 /* InfoPlist.strings in Resources */,
				613527CA15EED38B0044CD39 /* TOMainViewController.xib in Resources */,
				613527CD15EED38B0044CD39 /* TOFlipsideViewController.xib in Resources */,
			);
			runOnlyForDeploymentPostprocessing = 0;
		};
/* End PBXResourcesBuildPhase section */

/* Begin PBXSourcesBuildPhase section */
		613527A815EED38A0044CD39 /* Sources */ = {
			isa = PBXSourcesBuildPhase;
			buildActionMask = 2147483647;
			files = (
				613527BD15EED38A0044CD39 /* main.m in Sources */,
				613527C115EED38A0044CD39 /* TOAppDelegate.m in Sources */,
				613527C415EED38A0044CD39 /* TOMainViewController.m in Sources */,
				613527C715EED38B0044CD39 /* TOFlipsideViewController.m in Sources */,
			);
			runOnlyForDeploymentPostprocessing = 0;
		};
/* End PBXSourcesBuildPhase section */

/* Begin PBXVariantGroup section */
		613527B915EED38A0044CD39 /* InfoPlist.strings */ = {
			isa = PBXVariantGroup;
			children = (
				613527BA15EED38A0044CD39 /* en */,
			);
			name = InfoPlist.strings;
			sourceTree = "<group>";
		};
		613527C815EED38B0044CD39 /* TOMainViewController.xib */ = {
			isa = PBXVariantGroup;
			children = (
				613527C915EED38B0044CD39 /* en */,
			);
			name = TOMainViewController.xib;
			sourceTree = "<group>";
		};
		613527CB15EED38B0044CD39 /* TOFlipsideViewController.xib */ = {
			isa = PBXVariantGroup;
			children = (
				613527CC15EED38B0044CD39 /* en */,
			);
			name = TOFlipsideViewController.xib;
			sourceTree = "<group>";
		};
/* End PBXVariantGroup section */

/* Begin XCBuildConfiguration section */
		613527CE15EED38B0044CD39 /* Debug */ = {
			isa = XCBuildConfiguration;
			buildSettings = {
				ALWAYS_SEARCH_USER_PATHS = NO;
				ARCHS = "$(ARCHS_STANDARD_32_BIT)";
				CLANG_CXX_LANGUAGE_STANDARD = "gnu++0x";
				CLANG_ENABLE_OBJC_ARC = YES;
				CLANG_WARN__DUPLICATE_METHOD_MATCH = YES;
				"CODE_SIGN_IDENTITY[sdk=iphoneos*]" = "iPhone Developer";
				COPY_PHASE_STRIP = NO;
				GCC_C_LANGUAGE_STANDARD = gnu99;
				GCC_DYNAMIC_NO_PIC = NO;
				GCC_OPTIMIZATION_LEVEL = 0;
				GCC_PREPROCESSOR_DEFINITIONS = (
					"DEBUG=1",
					"$(inherited)",
				);
				GCC_SYMBOLS_PRIVATE_EXTERN = NO;
				GCC_VERSION = com.apple.compilers.llvm.clang.1_0;
				GCC_WARN_ABOUT_RETURN_TYPE = YES;
				GCC_WARN_UNINITIALIZED_AUTOS = YES;
				GCC_WARN_UNUSED_VARIABLE = YES;
				IPHONEOS_DEPLOYMENT_TARGET = 5.1;
				SDKROOT = iphoneos;
			};
			name = Debug;
		};
		613527CF15EED38B0044CD39 /* Release */ = {
			isa = XCBuildConfiguration;
			buildSettings = {
				ALWAYS_SEARCH_USER_PATHS = NO;
				ARCHS = "$(ARCHS_STANDARD_32_BIT)";
				CLANG_CXX_LANGUAGE_STANDARD = "gnu++0x";
				CLANG_ENABLE_OBJC_ARC = YES;
				CLANG_WARN__DUPLICATE_METHOD_MATCH = YES;
				"CODE_SIGN_IDENTITY[sdk=iphoneos*]" = "iPhone Distribution";
				COPY_PHASE_STRIP = YES;
				GCC_C_LANGUAGE_STANDARD = gnu99;
				GCC_VERSION = com.apple.compilers.llvm.clang.1_0;
				GCC_WARN_ABOUT_RETURN_TYPE = YES;
				GCC_WARN_UNINITIALIZED_AUTOS = YES;
				GCC_WARN_UNUSED_VARIABLE = YES;
				IPHONEOS_DEPLOYMENT_TARGET = 5.1;
				OTHER_CFLAGS = "-DNS_BLOCK_ASSERTIONS=1";
				"PROVISIONING_PROFILE[sdk=iphoneos*]" = "";
				SDKROOT = iphoneos;
				VALIDATE_PRODUCT = YES;
			};
			name = Release;
		};
		613527D115EED38B0044CD39 /* Debug */ = {
			isa = XCBuildConfiguration;
			buildSettings = {
				GCC_PRECOMPILE_PREFIX_HEADER = YES;
				GCC_PREFIX_HEADER = "Illusion/Illusion-Prefix.pch";
				INFOPLIST_FILE = "Illusion/Illusion-Info.plist";
				PRODUCT_NAME = "$(TARGET_NAME)";
				WRAPPER_EXTENSION = app;
			};
			name = Debug;
		};
		613527D215EED38B0044CD39 /* Release */ = {
			isa = XCBuildConfiguration;
			buildSettings = {
				GCC_PRECOMPILE_PREFIX_HEADER = YES;
				GCC_PREFIX_HEADER = "Illusion/Illusion-Prefix.pch";
				INFOPLIST_FILE = "Illusion/Illusion-Info.plist";
				PRODUCT_NAME = "$(TARGET_NAME)";
				WRAPPER_EXTENSION = app;
			};
			name = Release;
		};
/* End XCBuildConfiguration section */

/* Begin XCConfigurationList section */
		613527A615EED38A0044CD39 /* Build configuration list for PBXProject "Illusion" */ = {
			isa = XCConfigurationList;
			buildConfigurations = (
				613527CE15EED38B0044CD39 /* Debug */,
				613527CF15EED38B0044CD39 /* Release */,
			);
			defaultConfigurationIsVisible = 0;
			defaultConfigurationName = Release;
		};
		613527D015EED38B0044CD39 /* Build configuration list for PBXNativeTarget "Illusion" */ = {
			isa = XCConfigurationList;
			buildConfigurations = (
				613527D115EED38B0044CD39 /* Debug */,
				613527D215EED38B0044CD39 /* Release */,
			);
			defaultConfigurationIsVisible = 0;
		};
/* End XCConfigurationList section */
	};
	rootObject = 613527A315EED38A0044CD39 /* Project object */;
}
